
Microsoft Visual Studio Solution File, Format Version 12.00
# Visual Studio 15
VisualStudioVersion = 15.0.28307.1145
MinimumVisualStudioVersion = 10.0.40219.1
Project("{FAE04EC0-301F-11D3-BF4B-00C04F79EFBC}") = "SoundProcessing", "SoundProcessing\SoundProcessing.csproj", "{AE7874C1-19CE-4314-B609-51FA2B99AE83}"
EndProject
Global
	GlobalSection(SolutionConfigurationPlatforms) = preSolution
		Debug|Any CPU = Debug|Any CPU
		Release|Any CPU = Release|Any CPU
	EndGlobalSection
	GlobalSection(ProjectConfigurationPlatforms) = postSolution
		{AE7874C1-19CE-4314-B609-51FA2B99AE83}.Debug|Any CPU.ActiveCfg = Debug|Any CPU
		{AE7874C1-19CE-4314-B609-51FA2B99AE83}.Debug|Any CPU.Build.0 = Debug|Any CPU
		{AE7874C1-19CE-4314-B609-51FA2B99AE83}.Release|Any CPU.ActiveCfg = Release|Any CPU
		{AE7874C1-19CE-4314-B609-51FA2B99AE83}.Release|Any CPU.Build.0 = Release|Any CPU
	EndGlobalSection
	GlobalSection(SolutionProperties) = preSolution
		HideSolutionNode = FALSE
	EndGlobalSection
	GlobalSection(ExtensibilityGlobals) = postSolution
		SolutionGuid = {32C682FB-D756-4012-A919-3E7A1CDD0FD3}
	EndGlobalSection
EndGlobal
